
Microsoft Visual Studio Solution File, Format Version 12.00
# Visual Studio Version 17
VisualStudioVersion = 17.8.34309.116
MinimumVisualStudioVersion = 10.0.40219.1
Project("{9A19103F-16F7-4668-BE54-9A1E7A4F7556}") = "NumeroDaSorte", "NumeroDaSorte\NumeroDaSorte.csproj", "{AC0D44F8-C32A-45E6-BDDD-A3CC2B3BE568}"
EndProject
Project("{2150E333-8FDC-42A3-9474-1A3956D46DE8}") = "App01", "App01", "{E733CD96-BD9F-40C3-BF33-084CAD0EA18F}"
EndProject
Project("{2150E333-8FDC-42A3-9474-1A3956D46DE8}") = "App02", "App02", "{61DF91C9-F4E8-4484-B67A-DB50C6654893}"
EndProject
Project("{9A19103F-16F7-4668-BE54-9A1E7A4F7556}") = "AppContentPage", "AppContentPage\AppContentPage.csproj", "{AD0BB7F4-F94A-446F-80C8-A22E039D1D12}"
EndProject
Project("{FAE04EC0-301F-11D3-BF4B-00C04F79EFBC}") = "AppNavigationPage", "AppNavigationPage\AppNavigationPage.csproj", "{CDCB4267-8E3A-4B8D-AD42-D38BAC7575FA}"
EndProject
Project("{9A19103F-16F7-4668-BE54-9A1E7A4F7556}") = "AppFlyoutPage", "AppFlyoutPage\AppFlyoutPage.csproj", "{F4DA3AC8-E5C6-4C38-A603-35B89CAFC03D}"
EndProject
Project("{FAE04EC0-301F-11D3-BF4B-00C04F79EFBC}") = "AppTabbedPage", "AppTabbedPage\AppTabbedPage.csproj", "{41BDF593-BEDD-44F6-9C39-62EC5C23D836}"
EndProject
Global
	GlobalSection(SolutionConfigurationPlatforms) = preSolution
		Debug|Any CPU = Debug|Any CPU
		Release|Any CPU = Release|Any CPU
	EndGlobalSection
	GlobalSection(ProjectConfigurationPlatforms) = postSolution
		{AC0D44F8-C32A-45E6-BDDD-A3CC2B3BE568}.Debug|Any CPU.ActiveCfg = Debug|Any CPU
		{AC0D44F8-C32A-45E6-BDDD-A3CC2B3BE568}.Debug|Any CPU.Build.0 = Debug|Any CPU
		{AC0D44F8-C32A-45E6-BDDD-A3CC2B3BE568}.Debug|Any CPU.Deploy.0 = Debug|Any CPU
		{AC0D44F8-C32A-45E6-BDDD-A3CC2B3BE568}.Release|Any CPU.ActiveCfg = Release|Any CPU
		{AC0D44F8-C32A-45E6-BDDD-A3CC2B3BE568}.Release|Any CPU.Build.0 = Release|Any CPU
		{AC0D44F8-C32A-45E6-BDDD-A3CC2B3BE568}.Release|Any CPU.Deploy.0 = Release|Any CPU
		{AD0BB7F4-F94A-446F-80C8-A22E039D1D12}.Debug|Any CPU.ActiveCfg = Debug|Any CPU
		{AD0BB7F4-F94A-446F-80C8-A22E039D1D12}.Debug|Any CPU.Build.0 = Debug|Any CPU
		{AD0BB7F4-F94A-446F-80C8-A22E039D1D12}.Debug|Any CPU.Deploy.0 = Debug|Any CPU
		{AD0BB7F4-F94A-446F-80C8-A22E039D1D12}.Release|Any CPU.ActiveCfg = Release|Any CPU
		{AD0BB7F4-F94A-446F-80C8-A22E039D1D12}.Release|Any CPU.Build.0 = Release|Any CPU
		{AD0BB7F4-F94A-446F-80C8-A22E039D1D12}.Release|Any CPU.Deploy.0 = Release|Any CPU
		{CDCB4267-8E3A-4B8D-AD42-D38BAC7575FA}.Debug|Any CPU.ActiveCfg = Debug|Any CPU
		{CDCB4267-8E3A-4B8D-AD42-D38BAC7575FA}.Debug|Any CPU.Build.0 = Debug|Any CPU
		{CDCB4267-8E3A-4B8D-AD42-D38BAC7575FA}.Debug|Any CPU.Deploy.0 = Debug|Any CPU
		{CDCB4267-8E3A-4B8D-AD42-D38BAC7575FA}.Release|Any CPU.ActiveCfg = Release|Any CPU
		{CDCB4267-8E3A-4B8D-AD42-D38BAC7575FA}.Release|Any CPU.Build.0 = Release|Any CPU
		{CDCB4267-8E3A-4B8D-AD42-D38BAC7575FA}.Release|Any CPU.Deploy.0 = Release|Any CPU
		{F4DA3AC8-E5C6-4C38-A603-35B89CAFC03D}.Debug|Any CPU.ActiveCfg = Debug|Any CPU
		{F4DA3AC8-E5C6-4C38-A603-35B89CAFC03D}.Debug|Any CPU.Build.0 = Debug|Any CPU
		{F4DA3AC8-E5C6-4C38-A603-35B89CAFC03D}.Debug|Any CPU.Deploy.0 = Debug|Any CPU
		{F4DA3AC8-E5C6-4C38-A603-35B89CAFC03D}.Release|Any CPU.ActiveCfg = Release|Any CPU
		{F4DA3AC8-E5C6-4C38-A603-35B89CAFC03D}.Release|Any CPU.Build.0 = Release|Any CPU
		{F4DA3AC8-E5C6-4C38-A603-35B89CAFC03D}.Release|Any CPU.Deploy.0 = Release|Any CPU
		{41BDF593-BEDD-44F6-9C39-62EC5C23D836}.Debug|Any CPU.ActiveCfg = Debug|Any CPU
		{41BDF593-BEDD-44F6-9C39-62EC5C23D836}.Debug|Any CPU.Build.0 = Debug|Any CPU
		{41BDF593-BEDD-44F6-9C39-62EC5C23D836}.Debug|Any CPU.Deploy.0 = Debug|Any CPU
		{41BDF593-BEDD-44F6-9C39-62EC5C23D836}.Release|Any CPU.ActiveCfg = Release|Any CPU
		{41BDF593-BEDD-44F6-9C39-62EC5C23D836}.Release|Any CPU.Build.0 = Release|Any CPU
		{41BDF593-BEDD-44F6-9C39-62EC5C23D836}.Release|Any CPU.Deploy.0 = Release|Any CPU
	EndGlobalSection
	GlobalSection(SolutionProperties) = preSolution
		HideSolutionNode = FALSE
	EndGlobalSection
	GlobalSection(NestedProjects) = preSolution
		{AC0D44F8-C32A-45E6-BDDD-A3CC2B3BE568} = {E733CD96-BD9F-40C3-BF33-084CAD0EA18F}
		{AD0BB7F4-F94A-446F-80C8-A22E039D1D12} = {61DF91C9-F4E8-4484-B67A-DB50C6654893}
		{CDCB4267-8E3A-4B8D-AD42-D38BAC7575FA} = {61DF91C9-F4E8-4484-B67A-DB50C6654893}
		{F4DA3AC8-E5C6-4C38-A603-35B89CAFC03D} = {61DF91C9-F4E8-4484-B67A-DB50C6654893}
		{41BDF593-BEDD-44F6-9C39-62EC5C23D836} = {61DF91C9-F4E8-4484-B67A-DB50C6654893}
	EndGlobalSection
	GlobalSection(ExtensibilityGlobals) = postSolution
		SolutionGuid = {97BE9178-ECD1-4CFB-B8E9-0C8780F0ABDA}
	EndGlobalSection
EndGlobal
